{
    "_meta": {
        "hash": {
            "sha256": "7801fbcbdfdd74408dc338551bd19658ac9df92334ac4ca26507b5bd6df81340"
        },
        "pipfile-spec": 6,
        "requires": {
            "python_version": "3.9"
        },
        "sources": [
            {
                "name": "pypi",
                "url": "https://pypi.org/simple",
                "verify_ssl": true
            }
        ]
    },
    "default": {
        "sqlitedict": {
            "hashes": [
                "sha256:2affcc301aacd4da7511692601ecbde392294205af418498f7d6d3ec0dbcad56"
            ],
            "index": "pypi",
            "version": "==1.7.0"
        }
    },
    "develop": {}
}
